
Microsoft Visual Studio Solution File, Format Version 12.00
# Visual Studio Version 17
VisualStudioVersion = 17.14.36705.20 d17.14
MinimumVisualStudioVersion = 10.0.40219.1
Project("{FAE04EC0-301F-11D3-BF4B-00C04F79EFBC}") = "RestApiMysqlSdk9", "RestApiMysqlSdk9.csproj", "{3717DD5A-142E-4220-BABE-5754027E7480}"
EndProject
Global
	GlobalSection(SolutionConfigurationPlatforms) = preSolution
		Debug|Any CPU = Debug|Any CPU
		Release|Any CPU = Release|Any CPU
	EndGlobalSection
	GlobalSection(ProjectConfigurationPlatforms) = postSolution
		{3717DD5A-142E-4220-BABE-5754027E7480}.Debug|Any CPU.ActiveCfg = Debug|Any CPU
		{3717DD5A-142E-4220-BABE-5754027E7480}.Debug|Any CPU.Build.0 = Debug|Any CPU
		{3717DD5A-142E-4220-BABE-5754027E7480}.Release|Any CPU.ActiveCfg = Release|Any CPU
		{3717DD5A-142E-4220-BABE-5754027E7480}.Release|Any CPU.Build.0 = Release|Any CPU
	EndGlobalSection
	GlobalSection(SolutionProperties) = preSolution
		HideSolutionNode = FALSE
	EndGlobalSection
	GlobalSection(ExtensibilityGlobals) = postSolution
		SolutionGuid = {0D7C7DB7-8BF2-4CF8-A96C-747593E1D434}
	EndGlobalSection
EndGlobal
